
Microsoft Visual Studio Solution File, Format Version 12.00
# Visual Studio Version 17
VisualStudioVersion = 17.8.34511.84
MinimumVisualStudioVersion = 10.0.40219.1
Project("{9A19103F-16F7-4668-BE54-9A1E7A4F7556}") = "PokemonRepositoryLib", "PokemonRepositoryLib\PokemonRepositoryLib.csproj", "{BED76439-C6F0-4307-A319-F6A6C2FE8560}"
EndProject
Project("{FAE04EC0-301F-11D3-BF4B-00C04F79EFBC}") = "PokemonRepositoryLibTests", "PokemonRepositoryLibTests\PokemonRepositoryLibTests.csproj", "{9448B399-15DF-4BD8-9063-E9B90E4D9ACE}"
EndProject
Global
	GlobalSection(SolutionConfigurationPlatforms) = preSolution
		Debug|Any CPU = Debug|Any CPU
		Release|Any CPU = Release|Any CPU
	EndGlobalSection
	GlobalSection(ProjectConfigurationPlatforms) = postSolution
		{BED76439-C6F0-4307-A319-F6A6C2FE8560}.Debug|Any CPU.ActiveCfg = Debug|Any CPU
		{BED76439-C6F0-4307-A319-F6A6C2FE8560}.Debug|Any CPU.Build.0 = Debug|Any CPU
		{BED76439-C6F0-4307-A319-F6A6C2FE8560}.Release|Any CPU.ActiveCfg = Release|Any CPU
		{BED76439-C6F0-4307-A319-F6A6C2FE8560}.Release|Any CPU.Build.0 = Release|Any CPU
		{9448B399-15DF-4BD8-9063-E9B90E4D9ACE}.Debug|Any CPU.ActiveCfg = Debug|Any CPU
		{9448B399-15DF-4BD8-9063-E9B90E4D9ACE}.Debug|Any CPU.Build.0 = Debug|Any CPU
		{9448B399-15DF-4BD8-9063-E9B90E4D9ACE}.Release|Any CPU.ActiveCfg = Release|Any CPU
		{9448B399-15DF-4BD8-9063-E9B90E4D9ACE}.Release|Any CPU.Build.0 = Release|Any CPU
	EndGlobalSection
	GlobalSection(SolutionProperties) = preSolution
		HideSolutionNode = FALSE
	EndGlobalSection
	GlobalSection(ExtensibilityGlobals) = postSolution
		SolutionGuid = {D06B0798-4298-4AA2-844D-7D47B97F1665}
	EndGlobalSection
EndGlobal
